
Microsoft Visual Studio Solution File, Format Version 12.00
# Visual Studio Version 16
VisualStudioVersion = 16.0.31729.503
MinimumVisualStudioVersion = 10.0.40219.1
Project("{FAE04EC0-301F-11D3-BF4B-00C04F79EFBC}") = "KsiazkaTele", "KsiazkaTele\KsiazkaTele.csproj", "{1B7EEE4D-1227-4815-904E-937885EA9476}"
EndProject
Global
	GlobalSection(SolutionConfigurationPlatforms) = preSolution
		Debug|Any CPU = Debug|Any CPU
		Release|Any CPU = Release|Any CPU
	EndGlobalSection
	GlobalSection(ProjectConfigurationPlatforms) = postSolution
		{1B7EEE4D-1227-4815-904E-937885EA9476}.Debug|Any CPU.ActiveCfg = Debug|Any CPU
		{1B7EEE4D-1227-4815-904E-937885EA9476}.Debug|Any CPU.Build.0 = Debug|Any CPU
		{1B7EEE4D-1227-4815-904E-937885EA9476}.Release|Any CPU.ActiveCfg = Release|Any CPU
		{1B7EEE4D-1227-4815-904E-937885EA9476}.Release|Any CPU.Build.0 = Release|Any CPU
	EndGlobalSection
	GlobalSection(SolutionProperties) = preSolution
		HideSolutionNode = FALSE
	EndGlobalSection
	GlobalSection(ExtensibilityGlobals) = postSolution
		SolutionGuid = {23FAC5BF-1B3B-492D-B77B-A147BD1B0491}
	EndGlobalSection
EndGlobal
